
Microsoft Visual Studio Solution File, Format Version 12.00
# Visual Studio Version 16
VisualStudioVersion = 16.0.28803.156
MinimumVisualStudioVersion = 10.0.40219.1
Project("{9A19103F-16F7-4668-BE54-9A1E7A4F7556}") = "Podly.FeedParser", "Podly.FeedParser\Podly.FeedParser.csproj", "{0DABD071-80A9-4616-B318-290DB696BBFE}"
EndProject
Project("{FAE04EC0-301F-11D3-BF4B-00C04F79EFBC}") = "Podly.FeedParser.Tests", "Podly.FeedParser.Tests\Podly.FeedParser.Tests.csproj", "{95102B9B-6705-4F48-8167-50027816C0A4}"
EndProject
Global
	GlobalSection(SolutionConfigurationPlatforms) = preSolution
		Debug|Any CPU = Debug|Any CPU
		Release|Any CPU = Release|Any CPU
	EndGlobalSection
	GlobalSection(ProjectConfigurationPlatforms) = postSolution
		{0DABD071-80A9-4616-B318-290DB696BBFE}.Debug|Any CPU.ActiveCfg = Debug|Any CPU
		{0DABD071-80A9-4616-B318-290DB696BBFE}.Debug|Any CPU.Build.0 = Debug|Any CPU
		{0DABD071-80A9-4616-B318-290DB696BBFE}.Release|Any CPU.ActiveCfg = Release|Any CPU
		{0DABD071-80A9-4616-B318-290DB696BBFE}.Release|Any CPU.Build.0 = Release|Any CPU
		{95102B9B-6705-4F48-8167-50027816C0A4}.Debug|Any CPU.ActiveCfg = Debug|Any CPU
		{95102B9B-6705-4F48-8167-50027816C0A4}.Debug|Any CPU.Build.0 = Debug|Any CPU
		{95102B9B-6705-4F48-8167-50027816C0A4}.Release|Any CPU.ActiveCfg = Release|Any CPU
		{95102B9B-6705-4F48-8167-50027816C0A4}.Release|Any CPU.Build.0 = Release|Any CPU
	EndGlobalSection
	GlobalSection(SolutionProperties) = preSolution
		HideSolutionNode = FALSE
	EndGlobalSection
	GlobalSection(ExtensibilityGlobals) = postSolution
		SolutionGuid = {44912838-08E1-44B3-866E-04C2CD309759}
	EndGlobalSection
EndGlobal
